
Microsoft Visual Studio Solution File, Format Version 12.00
# Visual Studio Version 17
VisualStudioVersion = 17.3.32811.315
MinimumVisualStudioVersion = 10.0.40219.1
Project("{9A19103F-16F7-4668-BE54-9A1E7A4F7556}") = "QUZOOP", "QUZOOP\QUZOOP.csproj", "{24838CFC-893E-4A1D-9A7F-81CA33722717}"
EndProject
Project("{FAE04EC0-301F-11D3-BF4B-00C04F79EFBC}") = "Day05", "Day5\Day05.csproj", "{1DC15AE5-C199-4F21-9840-73F384C1C4F2}"
EndProject
Project("{FAE04EC0-301F-11D3-BF4B-00C04F79EFBC}") = "FinalTest", "LogicTest\FinalTest.csproj", "{BA6050A3-A4F1-43D0-A091-CAC28DAED6FC}"
EndProject
Global
	GlobalSection(SolutionConfigurationPlatforms) = preSolution
		Debug|Any CPU = Debug|Any CPU
		Release|Any CPU = Release|Any CPU
	EndGlobalSection
	GlobalSection(ProjectConfigurationPlatforms) = postSolution
		{24838CFC-893E-4A1D-9A7F-81CA33722717}.Debug|Any CPU.ActiveCfg = Debug|Any CPU
		{24838CFC-893E-4A1D-9A7F-81CA33722717}.Debug|Any CPU.Build.0 = Debug|Any CPU
		{24838CFC-893E-4A1D-9A7F-81CA33722717}.Release|Any CPU.ActiveCfg = Release|Any CPU
		{24838CFC-893E-4A1D-9A7F-81CA33722717}.Release|Any CPU.Build.0 = Release|Any CPU
		{1DC15AE5-C199-4F21-9840-73F384C1C4F2}.Debug|Any CPU.ActiveCfg = Debug|Any CPU
		{1DC15AE5-C199-4F21-9840-73F384C1C4F2}.Debug|Any CPU.Build.0 = Debug|Any CPU
		{1DC15AE5-C199-4F21-9840-73F384C1C4F2}.Release|Any CPU.ActiveCfg = Release|Any CPU
		{1DC15AE5-C199-4F21-9840-73F384C1C4F2}.Release|Any CPU.Build.0 = Release|Any CPU
		{BA6050A3-A4F1-43D0-A091-CAC28DAED6FC}.Debug|Any CPU.ActiveCfg = Debug|Any CPU
		{BA6050A3-A4F1-43D0-A091-CAC28DAED6FC}.Debug|Any CPU.Build.0 = Debug|Any CPU
		{BA6050A3-A4F1-43D0-A091-CAC28DAED6FC}.Release|Any CPU.ActiveCfg = Release|Any CPU
		{BA6050A3-A4F1-43D0-A091-CAC28DAED6FC}.Release|Any CPU.Build.0 = Release|Any CPU
	EndGlobalSection
	GlobalSection(SolutionProperties) = preSolution
		HideSolutionNode = FALSE
	EndGlobalSection
	GlobalSection(ExtensibilityGlobals) = postSolution
		SolutionGuid = {BE004AC8-5E7E-4E24-8185-51A1CFF15CE0}
	EndGlobalSection
EndGlobal
